{
    "_readme": [
        "This file locks the dependencies of your project to a known state",
        "Read more about it at https://getcomposer.org/doc/01-basic-usage.md#installing-dependencies",
        "This file is @generated automatically"
    ],
    "content-hash": "d2b427b5a1db34e2105b901b56e87ff7",
    "packages": [
        {
            "name": "rewake/lba",
            "version": "dev-main",
            "source": {
                "type": "git",
                "url": "https://github.com/rewake/lba.git",
                "reference": "142bdbcd950fe47a2cf59422af8d99bf830046f8"
            },
            "dist": {
                "type": "zip",
                "url": "https://api.github.com/repos/rewake/lba/zipball/142bdbcd950fe47a2cf59422af8d99bf830046f8",
                "reference": "142bdbcd950fe47a2cf59422af8d99bf830046f8",
                "shasum": ""
            },
            "require": {
                "ext-json": "*"
            },
            "default-branch": true,
            "type": "library",
            "notification-url": "https://packagist.org/downloads/",
            "authors": [
                {
                    "name": "Richard Komatz",
                    "email": "r.komatz@gmail.com"
                }
            ],
            "description": "Laravel Bash Aliases",
            "support": {
                "issues": "https://github.com/rewake/lba/issues",
                "source": "https://github.com/rewake/lba/tree/main"
            },
            "time": "2021-08-04T04:49:10+00:00"
        }
    ],
    "packages-dev": [],
    "aliases": [],
    "minimum-stability": "stable",
    "stability-flags": {
        "rewake/lba": 20
    },
    "prefer-stable": false,
    "prefer-lowest": false,
    "platform": [],
    "platform-dev": [],
    "plugin-api-version": "2.0.0"
}
